
Microsoft Visual Studio Solution File, Format Version 12.00
# Visual Studio 15
Project("{FAE04EC0-301F-11D3-BF4B-00C04F79EFBC}") = "VuforiaScripts", "VuforiaScripts.csproj", "{6E903995-46ED-74D6-5224-32545A5A3973}"
EndProject
Project("{FAE04EC0-301F-11D3-BF4B-00C04F79EFBC}") = "Assembly-CSharp", "Assembly-CSharp.csproj", "{611F655B-6796-044B-22AE-7CB60394627D}"
EndProject
Project("{FAE04EC0-301F-11D3-BF4B-00C04F79EFBC}") = "VuforiaEditorScripts", "VuforiaEditorScripts.csproj", "{C6092FC1-15D9-57DA-4765-454203775FBD}"
EndProject
Global
	GlobalSection(SolutionConfigurationPlatforms) = preSolution
		Debug|Any CPU = Debug|Any CPU
		Release|Any CPU = Release|Any CPU
	EndGlobalSection
	GlobalSection(ProjectConfigurationPlatforms) = postSolution
		{6E903995-46ED-74D6-5224-32545A5A3973}.Debug|Any CPU.ActiveCfg = Debug|Any CPU
		{6E903995-46ED-74D6-5224-32545A5A3973}.Debug|Any CPU.Build.0 = Debug|Any CPU
		{6E903995-46ED-74D6-5224-32545A5A3973}.Release|Any CPU.ActiveCfg = Release|Any CPU
		{6E903995-46ED-74D6-5224-32545A5A3973}.Release|Any CPU.Build.0 = Release|Any CPU
		{611F655B-6796-044B-22AE-7CB60394627D}.Debug|Any CPU.ActiveCfg = Debug|Any CPU
		{611F655B-6796-044B-22AE-7CB60394627D}.Debug|Any CPU.Build.0 = Debug|Any CPU
		{611F655B-6796-044B-22AE-7CB60394627D}.Release|Any CPU.ActiveCfg = Release|Any CPU
		{611F655B-6796-044B-22AE-7CB60394627D}.Release|Any CPU.Build.0 = Release|Any CPU
		{C6092FC1-15D9-57DA-4765-454203775FBD}.Debug|Any CPU.ActiveCfg = Debug|Any CPU
		{C6092FC1-15D9-57DA-4765-454203775FBD}.Debug|Any CPU.Build.0 = Debug|Any CPU
		{C6092FC1-15D9-57DA-4765-454203775FBD}.Release|Any CPU.ActiveCfg = Release|Any CPU
		{C6092FC1-15D9-57DA-4765-454203775FBD}.Release|Any CPU.Build.0 = Release|Any CPU
	EndGlobalSection
	GlobalSection(SolutionProperties) = preSolution
		HideSolutionNode = FALSE
	EndGlobalSection
EndGlobal
